PODS:
  - Alamofire (5.6.1)
  - Differentiator (5.0.0)
  - Kingfisher (7.3.0)
  - Moya/Core (15.0.0):
    - Alamofire (~> 5.0)
  - Moya/RxSwift (15.0.0):
    - Moya/Core
    - RxSwift (~> 6.0)
  - RxCocoa (6.5.0):
    - RxRelay (= 6.5.0)
    - RxSwift (= 6.5.0)
  - RxDataSources (5.0.0):
    - Differentiator (~> 5.0)
    - RxCocoa (~> 6.0)
    - RxSwift (~> 6.0)
  - RxRelay (6.5.0):
    - RxSwift (= 6.5.0)
  - RxSwift (6.5.0)

DEPENDENCIES:
  - Kingfisher (~> 7.0)
  - Moya/RxSwift (~> 15.0)
  - RxCocoa (= 6.5.0)
  - RxDataSources (~> 5.0)
  - RxSwift (= 6.5.0)

SPEC REPOS:
  trunk:
    - Alamofire
    - Differentiator
    - Kingfisher
    - Moya
    - RxCocoa
    - RxDataSources
    - RxRelay
    - RxSwift

SPEC CHECKSUMS:
  Alamofire: 87bd8c952f9a4454320fce00d9cc3de57bcadaf5
  Differentiator: e8497ceab83c1b10ca233716d547b9af21b9344d
  Kingfisher: cdb1189a9223b1bc028816bd47c8b8101a58831c
  Moya: 138f0573e53411fb3dc17016add0b748dfbd78ee
  RxCocoa: 94f817b71c07517321eb4f9ad299112ca8af743b
  RxDataSources: aa47cc1ed6c500fa0dfecac5c979b723542d79cf
  RxRelay: 1de1523e604c72b6c68feadedd1af3b1b4d0ecbd
  RxSwift: 5710a9e6b17f3c3d6e40d6e559b9fa1e813b2ef8

PODFILE CHECKSUM: 513e4952e513a83b9d68e4c41527239c739839d7

COCOAPODS: 1.11.3
